// !$*UTF8*$!
{
	archiveVersion = 1;
	classes = {
	};
	objectVersion = 56;
	objects = {

/* Begin PBXBuildFile section */
		403CD2732B1F21FA00DD6DE6 /* CalanderTestApp.swift in Sources */ = {isa = PBXBuildFile; fileRef = 403CD2722B1F21FA00DD6DE6 /* CalanderTestApp.swift */; };
		403CD2752B1F21FA00DD6DE6 /* ContentView.swift in Sources */ = {isa = PBXBuildFile; fileRef = 403CD2742B1F21FA00DD6DE6 /* ContentView.swift */; };
		403CD2772B1F21FC00DD6DE6 /* Assets.xcassets in Resources */ = {isa = PBXBuildFile; fileRef = 403CD2762B1F21FC00DD6DE6 /* Assets.xcassets */; };
		403CD27A2B1F21FC00DD6DE6 /* Preview Assets.xcassets in Resources */ = {isa = PBXBuildFile; fileRef = 403CD2792B1F21FC00DD6DE6 /* Preview Assets.xcassets */; };
		403CD2812B1F222A00DD6DE6 /* DateHolder.swift in Sources */ = {isa = PBXBuildFile; fileRef = 403CD2802B1F222A00DD6DE6 /* DateHolder.swift */; };
		403CD2832B1F22B500DD6DE6 /* DateScrollView.swift in Sources */ = {isa = PBXBuildFile; fileRef = 403CD2822B1F22B500DD6DE6 /* DateScrollView.swift */; };
		403CD2852B1F24CC00DD6DE6 /* CalendarHelper.swift in Sources */ = {isa = PBXBuildFile; fileRef = 403CD2842B1F24CC00DD6DE6 /* CalendarHelper.swift */; };
		403CD2872B1F2F9200DD6DE6 /* CalendarCell.swift in Sources */ = {isa = PBXBuildFile; fileRef = 403CD2862B1F2F9100DD6DE6 /* CalendarCell.swift */; };
		403CD2892B1F38C000DD6DE6 /* MonthStruct.swift in Sources */ = {isa = PBXBuildFile; fileRef = 403CD2882B1F38C000DD6DE6 /* MonthStruct.swift */; };
/* End PBXBuildFile section */

/* Begin PBXFileReference section */
		403CD26F2B1F21FA00DD6DE6 /* CalanderTest.app */ = {isa = PBXFileReference; explicitFileType = wrapper.application; includeInIndex = 0; path = CalanderTest.app; sourceTree = BUILT_PRODUCTS_DIR; };
		403CD2722B1F21FA00DD6DE6 /* CalanderTestApp.swift */ = {isa = PBXFileReference; lastKnownFileType = sourcecode.swift; path = CalanderTestApp.swift; sourceTree = "<group>"; };
		403CD2742B1F21FA00DD6DE6 /* ContentView.swift */ = {isa = PBXFileReference; lastKnownFileType = sourcecode.swift; path = ContentView.swift; sourceTree = "<group>"; };
		403CD2762B1F21FC00DD6DE6 /* Assets.xcassets */ = {isa = PBXFileReference; lastKnownFileType = folder.assetcatalog; path = Assets.xcassets; sourceTree = "<group>"; };
		403CD2792B1F21FC00DD6DE6 /* Preview Assets.xcassets */ = {isa = PBXFileReference; lastKnownFileType = folder.assetcatalog; path = "Preview Assets.xcassets"; sourceTree = "<group>"; };
		403CD2802B1F222A00DD6DE6 /* DateHolder.swift */ = {isa = PBXFileReference; lastKnownFileType = sourcecode.swift; path = DateHolder.swift; sourceTree = "<group>"; };
		403CD2822B1F22B500DD6DE6 /* DateScrollView.swift */ = {isa = PBXFileReference; lastKnownFileType = sourcecode.swift; path = DateScrollView.swift; sourceTree = "<group>"; };
		403CD2842B1F24CC00DD6DE6 /* CalendarHelper.swift */ = {isa = PBXFileReference; lastKnownFileType = sourcecode.swift; path = CalendarHelper.swift; sourceTree = "<group>"; };
		403CD2862B1F2F9100DD6DE6 /* CalendarCell.swift */ = {isa = PBXFileReference; lastKnownFileType = sourcecode.swift; path = CalendarCell.swift; sourceTree = "<group>"; };
		403CD2882B1F38C000DD6DE6 /* MonthStruct.swift */ = {isa = PBXFileReference; lastKnownFileType = sourcecode.swift; path = MonthStruct.swift; sourceTree = "<group>"; };
/* End PBXFileReference section */

/* Begin PBXFrameworksBuildPhase section */
		403CD26C2B1F21FA00DD6DE6 /* Frameworks */ = {
			isa = PBXFrameworksBuildPhase;
			buildActionMask = 2147483647;
			files = (
			);
			runOnlyForDeploymentPostprocessing = 0;
		};
/* End PBXFrameworksBuildPhase section */

/* Begin PBXGroup section */
		403CD2662B1F21FA00DD6DE6 = {
			isa = PBXGroup;
			children = (
				403CD2712B1F21FA00DD6DE6 /* CalanderTest */,
				403CD2702B1F21FA00DD6DE6 /* Products */,
			);
			sourceTree = "<group>";
		};
		403CD2702B1F21FA00DD6DE6 /* Products */ = {
			isa = PBXGroup;
			children = (
				403CD26F2B1F21FA00DD6DE6 /* CalanderTest.app */,
			);
			name = Products;
			sourceTree = "<group>";
		};
		403CD2712B1F21FA00DD6DE6 /* CalanderTest */ = {
			isa = PBXGroup;
			children = (
				403CD2722B1F21FA00DD6DE6 /* CalanderTestApp.swift */,
				403CD2742B1F21FA00DD6DE6 /* ContentView.swift */,
				403CD2862B1F2F9100DD6DE6 /* CalendarCell.swift */,
				403CD2882B1F38C000DD6DE6 /* MonthStruct.swift */,
				403CD2822B1F22B500DD6DE6 /* DateScrollView.swift */,
				403CD2842B1F24CC00DD6DE6 /* CalendarHelper.swift */,
				403CD2802B1F222A00DD6DE6 /* DateHolder.swift */,
				403CD2762B1F21FC00DD6DE6 /* Assets.xcassets */,
				403CD2782B1F21FC00DD6DE6 /* Preview Content */,
			);
			path = CalanderTest;
			sourceTree = "<group>";
		};
		403CD2782B1F21FC00DD6DE6 /* Preview Content */ = {
			isa = PBXGroup;
			children = (
				403CD2792B1F21FC00DD6DE6 /* Preview Assets.xcassets */,
			);
			path = "Preview Content";
			sourceTree = "<group>";
		};
/* End PBXGroup section */

/* Begin PBXNativeTarget section */
		403CD26E2B1F21FA00DD6DE6 /* CalanderTest */ = {
			isa = PBXNativeTarget;
			buildConfigurationList = 403CD27D2B1F21FC00DD6DE6 /* Build configuration list for PBXNativeTarget "CalanderTest" */;
			buildPhases = (
				403CD26B2B1F21FA00DD6DE6 /* Sources */,
				403CD26C2B1F21FA00DD6DE6 /* Frameworks */,
				403CD26D2B1F21FA00DD6DE6 /* Resources */,
			);
			buildRules = (
			);
			dependencies = (
			);
			name = CalanderTest;
			productName = CalanderTest;
			productReference = 403CD26F2B1F21FA00DD6DE6 /* CalanderTest.app */;
			productType = "com.apple.product-type.application";
		};
/* End PBXNativeTarget section */

/* Begin PBXProject section */
		403CD2672B1F21FA00DD6DE6 /* Project object */ = {
			isa = PBXProject;
			attributes = {
				BuildIndependentTargetsInParallel = 1;
				LastSwiftUpdateCheck = 1500;
				LastUpgradeCheck = 1500;
				TargetAttributes = {
					403CD26E2B1F21FA00DD6DE6 = {
						CreatedOnToolsVersion = 15.0.1;
					};
				};
			};
			buildConfigurationList = 403CD26A2B1F21FA00DD6DE6 /* Build configuration list for PBXProject "CalanderTest" */;
			compatibilityVersion = "Xcode 14.0";
			developmentRegion = en;
			hasScannedForEncodings = 0;
			knownRegions = (
				en,
				Base,
			);
			mainGroup = 403CD2662B1F21FA00DD6DE6;
			productRefGroup = 403CD2702B1F21FA00DD6DE6 /* Products */;
			projectDirPath = "";
			projectRoot = "";
			targets = (
				403CD26E2B1F21FA00DD6DE6 /* CalanderTest */,
			);
		};
/* End PBXProject section */

/* Begin PBXResourcesBuildPhase section */
		403CD26D2B1F21FA00DD6DE6 /* Resources */ = {
			isa = PBXResourcesBuildPhase;
			buildActionMask = 2147483647;
			files = (
				403CD27A2B1F21FC00DD6DE6 /* Preview Assets.xcassets in Resources */,
				403CD2772B1F21FC00DD6DE6 /* Assets.xcassets in Resources */,
			);
			runOnlyForDeploymentPostprocessing = 0;
		};
/* End PBXResourcesBuildPhase section */

/* Begin PBXSourcesBuildPhase section */
		403CD26B2B1F21FA00DD6DE6 /* Sources */ = {
			isa = PBXSourcesBuildPhase;
			buildActionMask = 2147483647;
			files = (
				403CD2852B1F24CC00DD6DE6 /* CalendarHelper.swift in Sources */,
				403CD2872B1F2F9200DD6DE6 /* CalendarCell.swift in Sources */,
				403CD2892B1F38C000DD6DE6 /* MonthStruct.swift in Sources */,
				403CD2752B1F21FA00DD6DE6 /* ContentView.swift in Sources */,
				403CD2812B1F222A00DD6DE6 /* DateHolder.swift in Sources */,
				403CD2732B1F21FA00DD6DE6 /* CalanderTestApp.swift in Sources */,
				403CD2832B1F22B500DD6DE6 /* DateScrollView.swift in Sources */,
			);
			runOnlyForDeploymentPostprocessing = 0;
		};
/* End PBXSourcesBuildPhase section */

/* Begin XCBuildConfiguration section */
		403CD27B2B1F21FC00DD6DE6 /* Debug */ = {
			isa = XCBuildConfiguration;
			buildSettings = {
				ALWAYS_SEARCH_USER_PATHS = NO;
				ASSETCATALOG_COMPILER_GENERATE_SWIFT_ASSET_SYMBOL_EXTENSIONS = YES;
				CLANG_ANALYZER_NONNULL = YES;
				CLANG_ANALYZER_NUMBER_OBJECT_CONVERSION = YES_AGGRESSIVE;
				CLANG_CXX_LANGUAGE_STANDARD = "gnu++20";
				CLANG_ENABLE_MODULES = YES;
				CLANG_ENABLE_OBJC_ARC = YES;
				CLANG_ENABLE_OBJC_WEAK = YES;
				CLANG_WARN_BLOCK_CAPTURE_AUTORELEASING = YES;
				CLANG_WARN_BOOL_CONVERSION = YES;
				CLANG_WARN_COMMA = YES;
				CLANG_WARN_CONSTANT_CONVERSION = YES;
				CLANG_WARN_DEPRECATED_OBJC_IMPLEMENTATIONS = YES;
				CLANG_WARN_DIRECT_OBJC_ISA_USAGE = YES_ERROR;
				CLANG_WARN_DOCUMENTATION_COMMENTS = YES;
				CLANG_WARN_EMPTY_BODY = YES;
				CLANG_WARN_ENUM_CONVERSION = YES;
				CLANG_WARN_INFINITE_RECURSION = YES;
				CLANG_WARN_INT_CONVERSION = YES;
				CLANG_WARN_NON_LITERAL_NULL_CONVERSION = YES;
				CLANG_WARN_OBJC_IMPLICIT_RETAIN_SELF = YES;
				CLANG_WARN_OBJC_LITERAL_CONVERSION = YES;
				CLANG_WARN_OBJC_ROOT_CLASS = YES_ERROR;
				CLANG_WARN_QUOTED_INCLUDE_IN_FRAMEWORK_HEADER = YES;
				CLANG_WARN_RANGE_LOOP_ANALYSIS = YES;
				CLANG_WARN_STRICT_PROTOTYPES = YES;
				CLANG_WARN_SUSPICIOUS_MOVE = YES;
				CLANG_WARN_UNGUARDED_AVAILABILITY = YES_AGGRESSIVE;
				CLANG_WARN_UNREACHABLE_CODE = YES;
				CLANG_WARN__DUPLICATE_METHOD_MATCH = YES;
				COPY_PHASE_STRIP = NO;
				DEBUG_INFORMATION_FORMAT = dwarf;
				ENABLE_STRICT_OBJC_MSGSEND = YES;
				ENABLE_TESTABILITY = YES;
				ENABLE_USER_SCRIPT_SANDBOXING = YES;
				GCC_C_LANGUAGE_STANDARD = gnu17;
				GCC_DYNAMIC_NO_PIC = NO;
				GCC_NO_COMMON_BLOCKS = YES;
				GCC_OPTIMIZATION_LEVEL = 0;
				GCC_PREPROCESSOR_DEFINITIONS = (
					"DEBUG=1",
					"$(inherited)",
				);
				GCC_WARN_64_TO_32_BIT_CONVERSION = YES;
				GCC_WARN_ABOUT_RETURN_TYPE = YES_ERROR;
				GCC_WARN_UNDECLARED_SELECTOR = YES;
				GCC_WARN_UNINITIALIZED_AUTOS = YES_AGGRESSIVE;
				GCC_WARN_UNUSED_FUNCTION = YES;
				GCC_WARN_UNUSED_VARIABLE = YES;
				IPHONEOS_DEPLOYMENT_TARGET = 16.0;
				LOCALIZATION_PREFERS_STRING_CATALOGS = YES;
				MTL_ENABLE_DEBUG_INFO = INCLUDE_SOURCE;
				MTL_FAST_MATH = YES;
				ONLY_ACTIVE_ARCH = YES;
				SDKROOT = iphoneos;
				SWIFT_ACTIVE_COMPILATION_CONDITIONS = "DEBUG $(inherited)";
				SWIFT_OPTIMIZATION_LEVEL = "-Onone";
			};
			name = Debug;
		};
		403CD27C2B1F21FC00DD6DE6 /* Release */ = {
			isa = XCBuildConfiguration;
			buildSettings = {
				ALWAYS_SEARCH_USER_PATHS = NO;
				ASSETCATALOG_COMPILER_GENERATE_SWIFT_ASSET_SYMBOL_EXTENSIONS = YES;
				CLANG_ANALYZER_NONNULL = YES;
				CLANG_ANALYZER_NUMBER_OBJECT_CONVERSION = YES_AGGRESSIVE;
				CLANG_CXX_LANGUAGE_STANDARD = "gnu++20";
				CLANG_ENABLE_MODULES = YES;
				CLANG_ENABLE_OBJC_ARC = YES;
				CLANG_ENABLE_OBJC_WEAK = YES;
				CLANG_WARN_BLOCK_CAPTURE_AUTORELEASING = YES;
				CLANG_WARN_BOOL_CONVERSION = YES;
				CLANG_WARN_COMMA = YES;
				CLANG_WARN_CONSTANT_CONVERSION = YES;
				CLANG_WARN_DEPRECATED_OBJC_IMPLEMENTATIONS = YES;
				CLANG_WARN_DIRECT_OBJC_ISA_USAGE = YES_ERROR;
				CLANG_WARN_DOCUMENTATION_COMMENTS = YES;
				CLANG_WARN_EMPTY_BODY = YES;
				CLANG_WARN_ENUM_CONVERSION = YES;
				CLANG_WARN_INFINITE_RECURSION = YES;
				CLANG_WARN_INT_CONVERSION = YES;
				CLANG_WARN_NON_LITERAL_NULL_CONVERSION = YES;
				CLANG_WARN_OBJC_IMPLICIT_RETAIN_SELF = YES;
				CLANG_WARN_OBJC_LITERAL_CONVERSION = YES;
				CLANG_WARN_OBJC_ROOT_CLASS = YES_ERROR;
				CLANG_WARN_QUOTED_INCLUDE_IN_FRAMEWORK_HEADER = YES;
				CLANG_WARN_RANGE_LOOP_ANALYSIS = YES;
				CLANG_WARN_STRICT_PROTOTYPES = YES;
				CLANG_WARN_SUSPICIOUS_MOVE = YES;
				CLANG_WARN_UNGUARDED_AVAILABILITY = YES_AGGRESSIVE;
				CLANG_WARN_UNREACHABLE_CODE = YES;
				CLANG_WARN__DUPLICATE_METHOD_MATCH = YES;
				COPY_PHASE_STRIP = NO;
				DEBUG_INFORMATION_FORMAT = "dwarf-with-dsym";
				ENABLE_NS_ASSERTIONS = NO;
				ENABLE_STRICT_OBJC_MSGSEND = YES;
				ENABLE_USER_SCRIPT_SANDBOXING = YES;
				GCC_C_LANGUAGE_STANDARD = gnu17;
				GCC_NO_COMMON_BLOCKS = YES;
				GCC_WARN_64_TO_32_BIT_CONVERSION = YES;
				GCC_WARN_ABOUT_RETURN_TYPE = YES_ERROR;
				GCC_WARN_UNDECLARED_SELECTOR = YES;
				GCC_WARN_UNINITIALIZED_AUTOS = YES_AGGRESSIVE;
				GCC_WARN_UNUSED_FUNCTION = YES;
				GCC_WARN_UNUSED_VARIABLE = YES;
				IPHONEOS_DEPLOYMENT_TARGET = 16.0;
				LOCALIZATION_PREFERS_STRING_CATALOGS = YES;
				MTL_ENABLE_DEBUG_INFO = NO;
				MTL_FAST_MATH = YES;
				SDKROOT = iphoneos;
				SWIFT_COMPILATION_MODE = wholemodule;
				VALIDATE_PRODUCT = YES;
			};
			name = Release;
		};
		403CD27E2B1F21FC00DD6DE6 /* Debug */ = {
			isa = XCBuildConfiguration;
			buildSettings = {
				ASSETCATALOG_COMPILER_APPICON_NAME = AppIcon;
				ASSETCATALOG_COMPILER_GLOBAL_ACCENT_COLOR_NAME = AccentColor;
				CODE_SIGN_STYLE = Automatic;
				CURRENT_PROJECT_VERSION = 1;
				DEVELOPMENT_ASSET_PATHS = "\"CalanderTest/Preview Content\"";
				DEVELOPMENT_TEAM = M7D3GWZL49;
				ENABLE_PREVIEWS = YES;
				GENERATE_INFOPLIST_FILE = YES;
				INFOPLIST_KEY_UIApplicationSceneManifest_Generation = YES;
				INFOPLIST_KEY_UIApplicationSupportsIndirectInputEvents = YES;
				INFOPLIST_KEY_UILaunchScreen_Generation = YES;
				INFOPLIST_KEY_UISupportedInterfaceOrientations_iPad = "UIInterfaceOrientationPortrait UIInterfaceOrientationPortraitUpsideDown UIInterfaceOrientationLandscapeLeft UIInterfaceOrientationLandscapeRight";
				INFOPLIST_KEY_UISupportedInterfaceOrientations_iPhone = "UIInterfaceOrientationPortrait UIInterfaceOrientationLandscapeLeft UIInterfaceOrientationLandscapeRight";
				IPHONEOS_DEPLOYMENT_TARGET = 16.0;
				LD_RUNPATH_SEARCH_PATHS = (
					"$(inherited)",
					"@executable_path/Frameworks",
				);
				MARKETING_VERSION = 1.0;
				PRODUCT_BUNDLE_IDENTIFIER = com.joelstorr.CalanderTest;
				PRODUCT_NAME = "$(TARGET_NAME)";
				SWIFT_EMIT_LOC_STRINGS = YES;
				SWIFT_VERSION = 5.0;
				TARGETED_DEVICE_FAMILY = "1,2";
			};
			name = Debug;
		};
		403CD27F2B1F21FC00DD6DE6 /* Release */ = {
			isa = XCBuildConfiguration;
			buildSettings = {
				ASSETCATALOG_COMPILER_APPICON_NAME = AppIcon;
				ASSETCATALOG_COMPILER_GLOBAL_ACCENT_COLOR_NAME = AccentColor;
				CODE_SIGN_STYLE = Automatic;
				CURRENT_PROJECT_VERSION = 1;
				DEVELOPMENT_ASSET_PATHS = "\"CalanderTest/Preview Content\"";
				DEVELOPMENT_TEAM = M7D3GWZL49;
				ENABLE_PREVIEWS = YES;
				GENERATE_INFOPLIST_FILE = YES;
				INFOPLIST_KEY_UIApplicationSceneManifest_Generation = YES;
				INFOPLIST_KEY_UIApplicationSupportsIndirectInputEvents = YES;
				INFOPLIST_KEY_UILaunchScreen_Generation = YES;
				INFOPLIST_KEY_UISupportedInterfaceOrientations_iPad = "UIInterfaceOrientationPortrait UIInterfaceOrientationPortraitUpsideDown UIInterfaceOrientationLandscapeLeft UIInterfaceOrientationLandscapeRight";
				INFOPLIST_KEY_UISupportedInterfaceOrientations_iPhone = "UIInterfaceOrientationPortrait UIInterfaceOrientationLandscapeLeft UIInterfaceOrientationLandscapeRight";
				IPHONEOS_DEPLOYMENT_TARGET = 16.0;
				LD_RUNPATH_SEARCH_PATHS = (
					"$(inherited)",
					"@executable_path/Frameworks",
				);
				MARKETING_VERSION = 1.0;
				PRODUCT_BUNDLE_IDENTIFIER = com.joelstorr.CalanderTest;
				PRODUCT_NAME = "$(TARGET_NAME)";
				SWIFT_EMIT_LOC_STRINGS = YES;
				SWIFT_VERSION = 5.0;
				TARGETED_DEVICE_FAMILY = "1,2";
			};
			name = Release;
		};
/* End XCBuildConfiguration section */

/* Begin XCConfigurationList section */
		403CD26A2B1F21FA00DD6DE6 /* Build configuration list for PBXProject "CalanderTest" */ = {
			isa = XCConfigurationList;
			buildConfigurations = (
				403CD27B2B1F21FC00DD6DE6 /* Debug */,
				403CD27C2B1F21FC00DD6DE6 /* Release */,
			);
			defaultConfigurationIsVisible = 0;
			defaultConfigurationName = Release;
		};
		403CD27D2B1F21FC00DD6DE6 /* Build configuration list for PBXNativeTarget "CalanderTest" */ = {
			isa = XCConfigurationList;
			buildConfigurations = (
				403CD27E2B1F21FC00DD6DE6 /* Debug */,
				403CD27F2B1F21FC00DD6DE6 /* Release */,
			);
			defaultConfigurationIsVisible = 0;
			defaultConfigurationName = Release;
		};
/* End XCConfigurationList section */
	};
	rootObject = 403CD2672B1F21FA00DD6DE6 /* Project object */;
}
